<?xml version="1.0" encoding="utf-8"?>
<Project ToolsVersion="4.0" xmlns="http://schemas.microsoft.com/developer/msbuild/2003">
  <ItemGroup>
    <Filter Include="Source Files">
      <UniqueIdentifier>{4FC737F1-C7A5-4376-A066-2A32D752A2FF}</UniqueIdentifier>
      <Extensions>cpp;c;cc;cxx;def;odl;idl;hpj;bat;asm;asmx</Extensions>
    </Filter>
    <Filter Include="Header Files">
      <UniqueIdentifier>{93995380-89BD-4b04-88EB-625FBE52EBFB}</UniqueIdentifier>
      <Extensions>h;hpp;hxx;hm;inl;inc;xsd</Extensions>
    </Filter>
    <Filter Include="Resource Files">
      <UniqueIdentifier>{67DA6AB6-F800-4c08-8B7A-83BB121AAD01}</UniqueIdentifier>
      <Extensions>rc;ico;cur;bmp;dlg;rc2;rct;bin;rgs;gif;jpg;jpeg;jpe;resx;tiff;tif;png;wav;mfcribbon-ms</Extensions>
    </Filter>
    <Filter Include="cocos2dx">
      <UniqueIdentifier>{53a35ba1-3da1-45b4-a531-506b26253482}</UniqueIdentifier>
    </Filter>
    <Filter Include="cocos2dx\3D">
      <UniqueIdentifier>{df287743-950a-4ec1-977d-bda7daaf7e26}</UniqueIdentifier>
    </Filter>
  </ItemGroup>
  <ItemGroup>
    <None Include="ReadMe.txt" />
    <None Include="res\mini_hammer.rc2">
      <Filter>Resource Files</Filter>
    </None>
    <None Include="res\mini_hammerDoc.ico">
      <Filter>Resource Files</Filter>
    </None>
    <None Include="res\mini_hammer.ico">
      <Filter>Resource Files</Filter>
    </None>
    <None Include="res\Toolbar.bmp">
      <Filter>Resource Files</Filter>
    </None>
    <None Include="res\Toolbar256.bmp">
      <Filter>Resource Files</Filter>
    </None>
  </ItemGroup>
  <ItemGroup>
    <ClInclude Include="mini_hammer.h">
      <Filter>Header Files</Filter>
    </ClInclude>
    <ClInclude Include="stdafx.h">
      <Filter>Header Files</Filter>
    </ClInclude>
    <ClInclude Include="targetver.h">
      <Filter>Header Files</Filter>
    </ClInclude>
    <ClInclude Include="MainFrm.h">
      <Filter>Header Files</Filter>
    </ClInclude>
    <ClInclude Include="mini_hammerDoc.h">
      <Filter>Header Files</Filter>
    </ClInclude>
    <ClInclude Include="mini_hammerView.h">
      <Filter>Header Files</Filter>
    </ClInclude>
    <ClInclude Include="Resource.h">
      <Filter>Header Files</Filter>
    </ClInclude>
    <ClInclude Include="Pathfinder.h">
      <Filter>Header Files</Filter>
    </ClInclude>
    <ClInclude Include="..\..\cocos2d-x-2.2.2\samples\Cpp\HelloCpp\Classes\3D\BSPCompiler.h">
      <Filter>cocos2dx\3D</Filter>
    </ClInclude>
    <ClInclude Include="..\..\cocos2d-x-2.2.2\samples\Cpp\HelloCpp\Classes\3D\BSPStructure.h">
      <Filter>cocos2dx\3D</Filter>
    </ClInclude>
    <ClInclude Include="..\..\cocos2d-x-2.2.2\samples\Cpp\HelloCpp\Classes\3D\Math3D.h">
      <Filter>cocos2dx\3D</Filter>
    </ClInclude>
    <ClInclude Include="..\..\cocos2d-x-2.2.2\samples\Cpp\HelloCpp\Classes\3D\Sprite3D.h">
      <Filter>cocos2dx\3D</Filter>
    </ClInclude>
    <ClInclude Include="..\..\cocos2d-x-2.2.2\samples\Cpp\HelloCpp\Classes\GameLayer.h">
      <Filter>cocos2dx</Filter>
    </ClInclude>
    <ClInclude Include="..\..\cocos2d-x-2.2.2\samples\Cpp\HelloCpp\Classes\AppDelegate.h">
      <Filter>cocos2dx</Filter>
    </ClInclude>
    <ClInclude Include="..\..\cocos2d-x-2.2.2\samples\Cpp\HelloCpp\Classes\AppMacros.h">
      <Filter>cocos2dx</Filter>
    </ClInclude>
  </ItemGroup>
  <ItemGroup>
    <ClCompile Include="mini_hammer.cpp">
      <Filter>Source Files</Filter>
    </ClCompile>
    <ClCompile Include="stdafx.cpp">
      <Filter>Source Files</Filter>
    </ClCompile>
    <ClCompile Include="MainFrm.cpp">
      <Filter>Source Files</Filter>
    </ClCompile>
    <ClCompile Include="mini_hammerDoc.cpp">
      <Filter>Source Files</Filter>
    </ClCompile>
    <ClCompile Include="mini_hammerView.cpp">
      <Filter>Source Files</Filter>
    </ClCompile>
    <ClCompile Include="..\..\cocos2d-x-2.2.2\samples\Cpp\HelloCpp\Classes\3D\BSPCompiler.cpp">
      <Filter>cocos2dx\3D</Filter>
    </ClCompile>
    <ClCompile Include="..\..\cocos2d-x-2.2.2\samples\Cpp\HelloCpp\Classes\3D\Sprite3D.cpp">
      <Filter>cocos2dx\3D</Filter>
    </ClCompile>
    <ClCompile Include="..\..\cocos2d-x-2.2.2\samples\Cpp\HelloCpp\Classes\GameLayer.cpp">
      <Filter>cocos2dx</Filter>
    </ClCompile>
    <ClCompile Include="..\..\cocos2d-x-2.2.2\samples\Cpp\HelloCpp\Classes\AppDelegate.cpp">
      <Filter>cocos2dx</Filter>
    </ClCompile>
  </ItemGroup>
  <ItemGroup>
    <ResourceCompile Include="mini_hammer.rc">
      <Filter>Resource Files</Filter>
    </ResourceCompile>
  </ItemGroup>
</Project>